
Microsoft Visual Studio Solution File, Format Version 12.00
# Visual Studio Version 17
VisualStudioVersion = 17.8.34309.116
MinimumVisualStudioVersion = 10.0.40219.1
Project("{FAE04EC0-301F-11D3-BF4B-00C04F79EFBC}") = "WebApplication2", "WebApplication2\WebApplication2.csproj", "{24F31258-038E-4000-AACB-834E7AFC3818}"
EndProject
Project("{FAE04EC0-301F-11D3-BF4B-00C04F79EFBC}") = "WebApplication1", "WebApplication1\WebApplication1.csproj", "{CE53A1C1-3199-41BA-974C-B7211F6FA58C}"
EndProject
Global
	GlobalSection(SolutionConfigurationPlatforms) = preSolution
		Debug|Any CPU = Debug|Any CPU
		Release|Any CPU = Release|Any CPU
	EndGlobalSection
	GlobalSection(ProjectConfigurationPlatforms) = postSolution
		{24F31258-038E-4000-AACB-834E7AFC3818}.Debug|Any CPU.ActiveCfg = Debug|Any CPU
		{24F31258-038E-4000-AACB-834E7AFC3818}.Debug|Any CPU.Build.0 = Debug|Any CPU
		{24F31258-038E-4000-AACB-834E7AFC3818}.Release|Any CPU.ActiveCfg = Release|Any CPU
		{24F31258-038E-4000-AACB-834E7AFC3818}.Release|Any CPU.Build.0 = Release|Any CPU
		{CE53A1C1-3199-41BA-974C-B7211F6FA58C}.Debug|Any CPU.ActiveCfg = Debug|Any CPU
		{CE53A1C1-3199-41BA-974C-B7211F6FA58C}.Debug|Any CPU.Build.0 = Debug|Any CPU
		{CE53A1C1-3199-41BA-974C-B7211F6FA58C}.Release|Any CPU.ActiveCfg = Release|Any CPU
		{CE53A1C1-3199-41BA-974C-B7211F6FA58C}.Release|Any CPU.Build.0 = Release|Any CPU
	EndGlobalSection
	GlobalSection(SolutionProperties) = preSolution
		HideSolutionNode = FALSE
	EndGlobalSection
	GlobalSection(ExtensibilityGlobals) = postSolution
		SolutionGuid = {460B7380-573C-4700-A760-CBAB9B5EA1C2}
	EndGlobalSection
EndGlobal
